// !$*UTF8*$!
{
	archiveVersion = 1;
	classes = {
	};
	objectVersion = 46;
	objects = {

/* Begin PBXBuildFile section */
		3000481518A8CD3100B3AEF8 /* libCorePlot-CocoaTouch.a in Frameworks */ = {isa = PBXBuildFile; fileRef = 3000481418A8CD3100B3AEF8 /* libCorePlot-CocoaTouch.a */; };
		3000481718A8DA9500B3AEF8 /* QuartzCore.framework in Frameworks */ = {isa = PBXBuildFile; fileRef = 3000481618A8DA9500B3AEF8 /* QuartzCore.framework */; };
		3000481918A8DB4100B3AEF8 /* Accelerate.framework in Frameworks */ = {isa = PBXBuildFile; fileRef = 3000481818A8DB4100B3AEF8 /* Accelerate.framework */; };
		301A84E218A4BFC400A25E68 /* Foundation.framework in Frameworks */ = {isa = PBXBuildFile; fileRef = 301A84E118A4BFC400A25E68 /* Foundation.framework */; };
		301A84E418A4BFC400A25E68 /* CoreGraphics.framework in Frameworks */ = {isa = PBXBuildFile; fileRef = 301A84E318A4BFC400A25E68 /* CoreGraphics.framework */; };
		301A84E618A4BFC400A25E68 /* UIKit.framework in Frameworks */ = {isa = PBXBuildFile; fileRef = 301A84E518A4BFC400A25E68 /* UIKit.framework */; };
		301A84EC18A4BFC400A25E68 /* InfoPlist.strings in Resources */ = {isa = PBXBuildFile; fileRef = 301A84EA18A4BFC400A25E68 /* InfoPlist.strings */; };
		301A84EE18A4BFC400A25E68 /* main.m in Sources */ = {isa = PBXBuildFile; fileRef = 301A84ED18A4BFC400A25E68 /* main.m */; };
		301A84F218A4BFC400A25E68 /* AppDelegate.m in Sources */ = {isa = PBXBuildFile; fileRef = 301A84F118A4BFC400A25E68 /* AppDelegate.m */; };
		301A84F518A4BFC400A25E68 /* Main.storyboard in Resources */ = {isa = PBXBuildFile; fileRef = 301A84F318A4BFC400A25E68 /* Main.storyboard */; };
		301A84FD18A4BFC400A25E68 /* Images.xcassets in Resources */ = {isa = PBXBuildFile; fileRef = 301A84FC18A4BFC400A25E68 /* Images.xcassets */; };
		301A850418A4BFC400A25E68 /* XCTest.framework in Frameworks */ = {isa = PBXBuildFile; fileRef = 301A850318A4BFC400A25E68 /* XCTest.framework */; };
		301A850518A4BFC400A25E68 /* Foundation.framework in Frameworks */ = {isa = PBXBuildFile; fileRef = 301A84E118A4BFC400A25E68 /* Foundation.framework */; };
		301A850618A4BFC400A25E68 /* UIKit.framework in Frameworks */ = {isa = PBXBuildFile; fileRef = 301A84E518A4BFC400A25E68 /* UIKit.framework */; };
		301A850E18A4BFC400A25E68 /* InfoPlist.strings in Resources */ = {isa = PBXBuildFile; fileRef = 301A850C18A4BFC400A25E68 /* InfoPlist.strings */; };
		301A851018A4BFC400A25E68 /* MindWaveTabbedTests.m in Sources */ = {isa = PBXBuildFile; fileRef = 301A850F18A4BFC400A25E68 /* MindWaveTabbedTests.m */; };
		301A851E18A4C36400A25E68 /* BrainDataHistoryDocument.m in Sources */ = {isa = PBXBuildFile; fileRef = 301A851D18A4C36400A25E68 /* BrainDataHistoryDocument.m */; };
		301A852118A4C3C400A25E68 /* BrainDataEntry.m in Sources */ = {isa = PBXBuildFile; fileRef = 301A852018A4C3C400A25E68 /* BrainDataEntry.m */; };
		301A852418A4C40300A25E68 /* BrainDataUnits.m in Sources */ = {isa = PBXBuildFile; fileRef = 301A852318A4C40300A25E68 /* BrainDataUnits.m */; };
		308FDCE618AA08160028D072 /* libTGAccessory.a in Frameworks */ = {isa = PBXBuildFile; fileRef = 308FDCE318AA08160028D072 /* libTGAccessory.a */; };
		308FDCE818AA08300028D072 /* ExternalAccessory.framework in Frameworks */ = {isa = PBXBuildFile; fileRef = 308FDCE718AA08300028D072 /* ExternalAccessory.framework */; };
		30B39B7018A84D85003AB2A9 /* HistoryCell.m in Sources */ = {isa = PBXBuildFile; fileRef = 30B39B6F18A84D85003AB2A9 /* HistoryCell.m */; };
		30B39B7318A8BF99003AB2A9 /* BackgroundView.m in Sources */ = {isa = PBXBuildFile; fileRef = 30B39B7218A8BF99003AB2A9 /* BackgroundView.m */; };
		30B39B7618A8C138003AB2A9 /* GraphView.m in Sources */ = {isa = PBXBuildFile; fileRef = 30B39B7518A8C138003AB2A9 /* GraphView.m */; };
		30D6D55318A5A23600ACD7F0 /* RootTabBarController.m in Sources */ = {isa = PBXBuildFile; fileRef = 30D6D55218A5A23600ACD7F0 /* RootTabBarController.m */; };
		30D6D55618A5A25A00ACD7F0 /* HistoryNavigationController.m in Sources */ = {isa = PBXBuildFile; fileRef = 30D6D55518A5A25A00ACD7F0 /* HistoryNavigationController.m */; };
		30D6D55918A5A27B00ACD7F0 /* EntryDetailViewController.m in Sources */ = {isa = PBXBuildFile; fileRef = 30D6D55818A5A27B00ACD7F0 /* EntryDetailViewController.m */; };
		30D6D55C18A5A29900ACD7F0 /* AddEntryViewController.m in Sources */ = {isa = PBXBuildFile; fileRef = 30D6D55B18A5A29900ACD7F0 /* AddEntryViewController.m */; };
		30D6D55F18A5A2B800ACD7F0 /* GraphViewController.m in Sources */ = {isa = PBXBuildFile; fileRef = 30D6D55E18A5A2B800ACD7F0 /* GraphViewController.m */; };
		30D6D56218A5A3B900ACD7F0 /* HistoryTableViewController.m in Sources */ = {isa = PBXBuildFile; fileRef = 30D6D56118A5A3B900ACD7F0 /* HistoryTableViewController.m */; };
/* End PBXBuildFile section */

/* Begin PBXContainerItemProxy section */
		301A850718A4BFC400A25E68 /* PBXContainerItemProxy */ = {
			isa = PBXContainerItemProxy;
			containerPortal = 301A84D618A4BFC400A25E68 /* Project object */;
			proxyType = 1;
			remoteGlobalIDString = 301A84DD18A4BFC400A25E68;
			remoteInfo = MindWaveTabbed;
		};
/* End PBXContainerItemProxy section */

/* Begin PBXFileReference section */
		300047C618A8CD3100B3AEF8 /* CorePlot-CocoaTouch.h */ = {isa = PBXFileReference; fileEncoding = 4; lastKnownFileType = sourcecode.c.h; path = "CorePlot-CocoaTouch.h"; sourceTree = "<group>"; };
		300047C718A8CD3100B3AEF8 /* CPTAnimation.h */ = {isa = PBXFileReference; fileEncoding = 4; lastKnownFileType = sourcecode.c.h; path = CPTAnimation.h; sourceTree = "<group>"; };
		300047C818A8CD3100B3AEF8 /* CPTAnimationOperation.h */ = {isa = PBXFileReference; fileEncoding = 4; lastKnownFileType = sourcecode.c.h; path = CPTAnimationOperation.h; sourceTree = "<group>"; };
		300047C918A8CD3100B3AEF8 /* CPTAnimationPeriod.h */ = {isa = PBXFileReference; fileEncoding = 4; lastKnownFileType = sourcecode.c.h; path = CPTAnimationPeriod.h; sourceTree = "<group>"; };
		300047CA18A8CD3100B3AEF8 /* CPTAnnotation.h */ = {isa = PBXFileReference; fileEncoding = 4; lastKnownFileType = sourcecode.c.h; path = CPTAnnotation.h; sourceTree = "<group>"; };
		300047CB18A8CD3100B3AEF8 /* CPTAnnotationHostLayer.h */ = {isa = PBXFileReference; fileEncoding = 4; lastKnownFileType = sourcecode.c.h; path = CPTAnnotationHostLayer.h; sourceTree = "<group>"; };
		300047CC18A8CD3100B3AEF8 /* CPTAxis.h */ = {isa = PBXFileReference; fileEncoding = 4; lastKnownFileType = sourcecode.c.h; path = CPTAxis.h; sourceTree = "<group>"; };
		300047CD18A8CD3100B3AEF8 /* CPTAxisLabel.h */ = {isa = PBXFileReference; fileEncoding = 4; lastKnownFileType = sourcecode.c.h; path = CPTAxisLabel.h; sourceTree = "<group>"; };
		300047CE18A8CD3100B3AEF8 /* CPTAxisLabelGroup.h */ = {isa = PBXFileReference; fileEncoding = 4; lastKnownFileType = sourcecode.c.h; path = CPTAxisLabelGroup.h; sourceTree = "<group>"; };
		300047CF18A8CD3100B3AEF8 /* CPTAxisSet.h */ = {isa = PBXFileReference; fileEncoding = 4; lastKnownFileType = sourcecode.c.h; path = CPTAxisSet.h; sourceTree = "<group>"; };
		300047D018A8CD3100B3AEF8 /* CPTAxisTitle.h */ = {isa = PBXFileReference; fileEncoding = 4; lastKnownFileType = sourcecode.c.h; path = CPTAxisTitle.h; sourceTree = "<group>"; };
		300047D118A8CD3100B3AEF8 /* CPTBarPlot.h */ = {isa = PBXFileReference; fileEncoding = 4; lastKnownFileType = sourcecode.c.h; path = CPTBarPlot.h; sourceTree = "<group>"; };
		300047D218A8CD3100B3AEF8 /* CPTBorderedLayer.h */ = {isa = PBXFileReference; fileEncoding = 4; lastKnownFileType = sourcecode.c.h; path = CPTBorderedLayer.h; sourceTree = "<group>"; };
		300047D318A8CD3100B3AEF8 /* CPTCalendarFormatter.h */ = {isa = PBXFileReference; fileEncoding = 4; lastKnownFileType = sourcecode.c.h; path = CPTCalendarFormatter.h; sourceTree = "<group>"; };
		300047D418A8CD3100B3AEF8 /* CPTColor.h */ = {isa = PBXFileReference; fileEncoding = 4; lastKnownFileType = sourcecode.c.h; path = CPTColor.h; sourceTree = "<group>"; };
		300047D518A8CD3100B3AEF8 /* CPTColorSpace.h */ = {isa = PBXFileReference; fileEncoding = 4; lastKnownFileType = sourcecode.c.h; path = CPTColorSpace.h; sourceTree = "<group>"; };
		300047D618A8CD3100B3AEF8 /* CPTConstraints.h */ = {isa = PBXFileReference; fileEncoding = 4; lastKnownFileType = sourcecode.c.h; path = CPTConstraints.h; sourceTree = "<group>"; };
		300047D718A8CD3100B3AEF8 /* CPTDataSourceTestCase.h */ = {isa = PBXFileReference; fileEncoding = 4; lastKnownFileType = sourcecode.c.h; path = CPTDataSourceTestCase.h; sourceTree = "<group>"; };
		300047D818A8CD3100B3AEF8 /* CPTDefinitions.h */ = {isa = PBXFileReference; fileEncoding = 4; lastKnownFileType = sourcecode.c.h; path = CPTDefinitions.h; sourceTree = "<group>"; };
		300047D918A8CD3100B3AEF8 /* CPTDerivedXYGraph.h */ = {isa = PBXFileReference; fileEncoding = 4; lastKnownFileType = sourcecode.c.h; path = CPTDerivedXYGraph.h; sourceTree = "<group>"; };
		300047DA18A8CD3100B3AEF8 /* CPTExceptions.h */ = {isa = PBXFileReference; fileEncoding = 4; lastKnownFileType = sourcecode.c.h; path = CPTExceptions.h; sourceTree = "<group>"; };
		300047DB18A8CD3100B3AEF8 /* CPTFill.h */ = {isa = PBXFileReference; fileEncoding = 4; lastKnownFileType = sourcecode.c.h; path = CPTFill.h; sourceTree = "<group>"; };
		300047DC18A8CD3100B3AEF8 /* CPTFunctionDataSource.h */ = {isa = PBXFileReference; fileEncoding = 4; lastKnownFileType = sourcecode.c.h; path = CPTFunctionDataSource.h; sourceTree = "<group>"; };
		300047DD18A8CD3100B3AEF8 /* CPTGradient.h */ = {isa = PBXFileReference; fileEncoding = 4; lastKnownFileType = sourcecode.c.h; path = CPTGradient.h; sourceTree = "<group>"; };
		300047DE18A8CD3100B3AEF8 /* CPTGraph.h */ = {isa = PBXFileReference; fileEncoding = 4; lastKnownFileType = sourcecode.c.h; path = CPTGraph.h; sourceTree = "<group>"; };
		300047DF18A8CD3100B3AEF8 /* CPTGraphHostingView.h */ = {isa = PBXFileReference; fileEncoding = 4; lastKnownFileType = sourcecode.c.h; path = CPTGraphHostingView.h; sourceTree = "<group>"; };
		300047E018A8CD3100B3AEF8 /* CPTGridLineGroup.h */ = {isa = PBXFileReference; fileEncoding = 4; lastKnownFileType = sourcecode.c.h; path = CPTGridLineGroup.h; sourceTree = "<group>"; };
		300047E118A8CD3100B3AEF8 /* CPTGridLines.h */ = {isa = PBXFileReference; fileEncoding = 4; lastKnownFileType = sourcecode.c.h; path = CPTGridLines.h; sourceTree = "<group>"; };
		300047E218A8CD3100B3AEF8 /* CPTImage.h */ = {isa = PBXFileReference; fileEncoding = 4; lastKnownFileType = sourcecode.c.h; path = CPTImage.h; sourceTree = "<group>"; };
		300047E318A8CD3100B3AEF8 /* CPTLayer.h */ = {isa = PBXFileReference; fileEncoding = 4; lastKnownFileType = sourcecode.c.h; path = CPTLayer.h; sourceTree = "<group>"; };
		300047E418A8CD3100B3AEF8 /* CPTLayerAnnotation.h */ = {isa = PBXFileReference; fileEncoding = 4; lastKnownFileType = sourcecode.c.h; path = CPTLayerAnnotation.h; sourceTree = "<group>"; };
		300047E518A8CD3100B3AEF8 /* CPTLegend.h */ = {isa = PBXFileReference; fileEncoding = 4; lastKnownFileType = sourcecode.c.h; path = CPTLegend.h; sourceTree = "<group>"; };
		300047E618A8CD3100B3AEF8 /* CPTLegendEntry.h */ = {isa = PBXFileReference; fileEncoding = 4; lastKnownFileType = sourcecode.c.h; path = CPTLegendEntry.h; sourceTree = "<group>"; };
		300047E718A8CD3100B3AEF8 /* CPTLimitBand.h */ = {isa = PBXFileReference; fileEncoding = 4; lastKnownFileType = sourcecode.c.h; path = CPTLimitBand.h; sourceTree = "<group>"; };
		300047E818A8CD3100B3AEF8 /* CPTLineCap.h */ = {isa = PBXFileReference; fileEncoding = 4; lastKnownFileType = sourcecode.c.h; path = CPTLineCap.h; sourceTree = "<group>"; };
		300047E918A8CD3100B3AEF8 /* CPTLineStyle.h */ = {isa = PBXFileReference; fileEncoding = 4; lastKnownFileType = sourcecode.c.h; path = CPTLineStyle.h; sourceTree = "<group>"; };
		300047EA18A8CD3100B3AEF8 /* CPTMutableLineStyle.h */ = {isa = PBXFileReference; fileEncoding = 4; lastKnownFileType = sourcecode.c.h; path = CPTMutableLineStyle.h; sourceTree = "<group>"; };
		300047EB18A8CD3100B3AEF8 /* CPTMutableNumericData+TypeConversion.h */ = {isa = PBXFileReference; fileEncoding = 4; lastKnownFileType = sourcecode.c.h; path = "CPTMutableNumericData+TypeConversion.h"; sourceTree = "<group>"; };
		300047EC18A8CD3100B3AEF8 /* CPTMutableNumericData.h */ = {isa = PBXFileReference; fileEncoding = 4; lastKnownFileType = sourcecode.c.h; path = CPTMutableNumericData.h; sourceTree = "<group>"; };
		300047ED18A8CD3100B3AEF8 /* CPTMutablePlotRange.h */ = {isa = PBXFileReference; fileEncoding = 4; lastKnownFileType = sourcecode.c.h; path = CPTMutablePlotRange.h; sourceTree = "<group>"; };
		300047EE18A8CD3100B3AEF8 /* CPTMutableShadow.h */ = {isa = PBXFileReference; fileEncoding = 4; lastKnownFileType = sourcecode.c.h; path = CPTMutableShadow.h; sourceTree = "<group>"; };
		300047EF18A8CD3100B3AEF8 /* CPTMutableTextStyle.h */ = {isa = PBXFileReference; fileEncoding = 4; lastKnownFileType = sourcecode.c.h; path = CPTMutableTextStyle.h; sourceTree = "<group>"; };
		300047F018A8CD3100B3AEF8 /* CPTNumericData+TypeConversion.h */ = {isa = PBXFileReference; fileEncoding = 4; lastKnownFileType = sourcecode.c.h; path = "CPTNumericData+TypeConversion.h"; sourceTree = "<group>"; };
		300047F118A8CD3100B3AEF8 /* CPTNumericData.h */ = {isa = PBXFileReference; fileEncoding = 4; lastKnownFileType = sourcecode.c.h; path = CPTNumericData.h; sourceTree = "<group>"; };
		300047F218A8CD3100B3AEF8 /* CPTNumericDataType.h */ = {isa = PBXFileReference; fileEncoding = 4; lastKnownFileType = sourcecode.c.h; path = CPTNumericDataType.h; sourceTree = "<group>"; };
		300047F318A8CD3100B3AEF8 /* CPTPathExtensions.h */ = {isa = PBXFileReference; fileEncoding = 4; lastKnownFileType = sourcecode.c.h; path = CPTPathExtensions.h; sourceTree = "<group>"; };
		300047F418A8CD3100B3AEF8 /* CPTPieChart.h */ = {isa = PBXFileReference; fileEncoding = 4; lastKnownFileType = sourcecode.c.h; path = CPTPieChart.h; sourceTree = "<group>"; };
		300047F518A8CD3100B3AEF8 /* CPTPlatformSpecificCategories.h */ = {isa = PBXFileReference; fileEncoding = 4; lastKnownFileType = sourcecode.c.h; path = CPTPlatformSpecificCategories.h; sourceTree = "<group>"; };
		300047F618A8CD3100B3AEF8 /* CPTPlatformSpecificDefines.h */ = {isa = PBXFileReference; fileEncoding = 4; lastKnownFileType = sourcecode.c.h; path = CPTPlatformSpecificDefines.h; sourceTree = "<group>"; };
		300047F718A8CD3100B3AEF8 /* CPTPlatformSpecificFunctions.h */ = {isa = PBXFileReference; fileEncoding = 4; lastKnownFileType = sourcecode.c.h; path = CPTPlatformSpecificFunctions.h; sourceTree = "<group>"; };
		300047F818A8CD3100B3AEF8 /* CPTPlot.h */ = {isa = PBXFileReference; fileEncoding = 4; lastKnownFileType = sourcecode.c.h; path = CPTPlot.h; sourceTree = "<group>"; };
		300047F918A8CD3100B3AEF8 /* CPTPlotArea.h */ = {isa = PBXFileReference; fileEncoding = 4; lastKnownFileType = sourcecode.c.h; path = CPTPlotArea.h; sourceTree = "<group>"; };
		300047FA18A8CD3100B3AEF8 /* CPTPlotAreaFrame.h */ = {isa = PBXFileReference; fileEncoding = 4; lastKnownFileType = sourcecode.c.h; path = CPTPlotAreaFrame.h; sourceTree = "<group>"; };
		300047FB18A8CD3100B3AEF8 /* CPTPlotGroup.h */ = {isa = PBXFileReference; fileEncoding = 4; lastKnownFileType = sourcecode.c.h; path = CPTPlotGroup.h; sourceTree = "<group>"; };
		300047FC18A8CD3100B3AEF8 /* CPTPlotRange.h */ = {isa = PBXFileReference; fileEncoding = 4; lastKnownFileType = sourcecode.c.h; path = CPTPlotRange.h; sourceTree = "<group>"; };
		300047FD18A8CD3100B3AEF8 /* CPTPlotSpace.h */ = {isa = PBXFileReference; fileEncoding = 4; lastKnownFileType = sourcecode.c.h; path = CPTPlotSpace.h; sourceTree = "<group>"; };
		300047FE18A8CD3100B3AEF8 /* CPTPlotSpaceAnnotation.h */ = {isa = PBXFileReference; fileEncoding = 4; lastKnownFileType = sourcecode.c.h; path = CPTPlotSpaceAnnotation.h; sourceTree = "<group>"; };
		300047FF18A8CD3100B3AEF8 /* CPTPlotSymbol.h */ = {isa = PBXFileReference; fileEncoding = 4; lastKnownFileType = sourcecode.c.h; path = CPTPlotSymbol.h; sourceTree = "<group>"; };
		3000480018A8CD3100B3AEF8 /* CPTRangePlot.h */ = {isa = PBXFileReference; fileEncoding = 4; lastKnownFileType = sourcecode.c.h; path = CPTRangePlot.h; sourceTree = "<group>"; };
		3000480118A8CD3100B3AEF8 /* CPTResponder.h */ = {isa = PBXFileReference; fileEncoding = 4; lastKnownFileType = sourcecode.c.h; path = CPTResponder.h; sourceTree = "<group>"; };
		3000480218A8CD3100B3AEF8 /* CPTScatterPlot.h */ = {isa = PBXFileReference; fileEncoding = 4; lastKnownFileType = sourcecode.c.h; path = CPTScatterPlot.h; sourceTree = "<group>"; };
		3000480318A8CD3100B3AEF8 /* CPTShadow.h */ = {isa = PBXFileReference; fileEncoding = 4; lastKnownFileType = sourcecode.c.h; path = CPTShadow.h; sourceTree = "<group>"; };
		3000480418A8CD3100B3AEF8 /* CPTTestCase.h */ = {isa = PBXFileReference; fileEncoding = 4; lastKnownFileType = sourcecode.c.h; path = CPTTestCase.h; sourceTree = "<group>"; };
		3000480518A8CD3100B3AEF8 /* CPTTextLayer.h */ = {isa = PBXFileReference; fileEncoding = 4; lastKnownFileType = sourcecode.c.h; path = CPTTextLayer.h; sourceTree = "<group>"; };
		3000480618A8CD3100B3AEF8 /* CPTTextStyle.h */ = {isa = PBXFileReference; fileEncoding = 4; lastKnownFileType = sourcecode.c.h; path = CPTTextStyle.h; sourceTree = "<group>"; };
		3000480718A8CD3100B3AEF8 /* CPTTextStylePlatformSpecific.h */ = {isa = PBXFileReference; fileEncoding = 4; lastKnownFileType = sourcecode.c.h; path = CPTTextStylePlatformSpecific.h; sourceTree = "<group>"; };
		3000480818A8CD3100B3AEF8 /* CPTTheme.h */ = {isa = PBXFileReference; fileEncoding = 4; lastKnownFileType = sourcecode.c.h; path = CPTTheme.h; sourceTree = "<group>"; };
		3000480918A8CD3100B3AEF8 /* CPTTimeFormatter.h */ = {isa = PBXFileReference; fileEncoding = 4; lastKnownFileType = sourcecode.c.h; path = CPTTimeFormatter.h; sourceTree = "<group>"; };
		3000480A18A8CD3100B3AEF8 /* CPTTradingRangePlot.h */ = {isa = PBXFileReference; fileEncoding = 4; lastKnownFileType = sourcecode.c.h; path = CPTTradingRangePlot.h; sourceTree = "<group>"; };
		3000480B18A8CD3100B3AEF8 /* CPTUtilities.h */ = {isa = PBXFileReference; fileEncoding = 4; lastKnownFileType = sourcecode.c.h; path = CPTUtilities.h; sourceTree = "<group>"; };
		3000480C18A8CD3100B3AEF8 /* CPTXYAxis.h */ = {isa = PBXFileReference; fileEncoding = 4; lastKnownFileType = sourcecode.c.h; path = CPTXYAxis.h; sourceTree = "<group>"; };
		3000480D18A8CD3100B3AEF8 /* CPTXYAxisSet.h */ = {isa = PBXFileReference; fileEncoding = 4; lastKnownFileType = sourcecode.c.h; path = CPTXYAxisSet.h; sourceTree = "<group>"; };
		3000480E18A8CD3100B3AEF8 /* CPTXYGraph.h */ = {isa = PBXFileReference; fileEncoding = 4; lastKnownFileType = sourcecode.c.h; path = CPTXYGraph.h; sourceTree = "<group>"; };
		3000480F18A8CD3100B3AEF8 /* CPTXYPlotSpace.h */ = {isa = PBXFileReference; fileEncoding = 4; lastKnownFileType = sourcecode.c.h; path = CPTXYPlotSpace.h; sourceTree = "<group>"; };
		3000481018A8CD3100B3AEF8 /* mainpage.h */ = {isa = PBXFileReference; fileEncoding = 4; lastKnownFileType = sourcecode.c.h; path = mainpage.h; sourceTree = "<group>"; };
		3000481118A8CD3100B3AEF8 /* NSCoderExtensions.h */ = {isa = PBXFileReference; fileEncoding = 4; lastKnownFileType = sourcecode.c.h; path = NSCoderExtensions.h; sourceTree = "<group>"; };
		3000481218A8CD3100B3AEF8 /* NSDecimalNumberExtensions.h */ = {isa = PBXFileReference; fileEncoding = 4; lastKnownFileType = sourcecode.c.h; path = NSDecimalNumberExtensions.h; sourceTree = "<group>"; };
		3000481318A8CD3100B3AEF8 /* NSNumberExtensions.h */ = {isa = PBXFileReference; fileEncoding = 4; lastKnownFileType = sourcecode.c.h; path = NSNumberExtensions.h; sourceTree = "<group>"; };
		3000481418A8CD3100B3AEF8 /* libCorePlot-CocoaTouch.a */ = {isa = PBXFileReference; lastKnownFileType = archive.ar; path = "libCorePlot-CocoaTouch.a"; sourceTree = "<group>"; };
		3000481618A8DA9500B3AEF8 /* QuartzCore.framework */ = {isa = PBXFileReference; lastKnownFileType = wrapper.framework; name = QuartzCore.framework; path = System/Library/Frameworks/QuartzCore.framework; sourceTree = SDKROOT; };
		3000481818A8DB4100B3AEF8 /* Accelerate.framework */ = {isa = PBXFileReference; lastKnownFileType = wrapper.framework; name = Accelerate.framework; path = System/Library/Frameworks/Accelerate.framework; sourceTree = SDKROOT; };
		301A84DE18A4BFC400A25E68 /* MindWaveTabbed.app */ = {isa = PBXFileReference; explicitFileType = wrapper.application; includeInIndex = 0; path = MindWaveTabbed.app; sourceTree = BUILT_PRODUCTS_DIR; };
		301A84E118A4BFC400A25E68 /* Foundation.framework */ = {isa = PBXFileReference; lastKnownFileType = wrapper.framework; name = Foundation.framework; path = System/Library/Frameworks/Foundation.framework; sourceTree = SDKROOT; };
		301A84E318A4BFC400A25E68 /* CoreGraphics.framework */ = {isa = PBXFileReference; lastKnownFileType = wrapper.framework; name = CoreGraphics.framework; path = System/Library/Frameworks/CoreGraphics.framework; sourceTree = SDKROOT; };
		301A84E518A4BFC400A25E68 /* UIKit.framework */ = {isa = PBXFileReference; lastKnownFileType = wrapper.framework; name = UIKit.framework; path = System/Library/Frameworks/UIKit.framework; sourceTree = SDKROOT; };
		301A84E918A4BFC400A25E68 /* MindWaveTabbed-Info.plist */ = {isa = PBXFileReference; lastKnownFileType = text.plist.xml; path = "MindWaveTabbed-Info.plist"; sourceTree = "<group>"; };
		301A84EB18A4BFC400A25E68 /* en */ = {isa = PBXFileReference; lastKnownFileType = text.plist.strings; name = en; path = en.lproj/InfoPlist.strings; sourceTree = "<group>"; };
		301A84ED18A4BFC400A25E68 /* main.m */ = {isa = PBXFileReference; lastKnownFileType = sourcecode.c.objc; path = main.m; sourceTree = "<group>"; };
		301A84EF18A4BFC400A25E68 /* MindWaveTabbed-Prefix.pch */ = {isa = PBXFileReference; lastKnownFileType = sourcecode.c.h; path = "MindWaveTabbed-Prefix.pch"; sourceTree = "<group>"; };
		301A84F018A4BFC400A25E68 /* AppDelegate.h */ = {isa = PBXFileReference; lastKnownFileType = sourcecode.c.h; path = AppDelegate.h; sourceTree = "<group>"; };
		301A84F118A4BFC400A25E68 /* AppDelegate.m */ = {isa = PBXFileReference; lastKnownFileType = sourcecode.c.objc; path = AppDelegate.m; sourceTree = "<group>"; };
		301A84F418A4BFC400A25E68 /* Base */ = {isa = PBXFileReference; lastKnownFileType = file.storyboard; name = Base; path = Base.lproj/Main.storyboard; sourceTree = "<group>"; };
		301A84FC18A4BFC400A25E68 /* Images.xcassets */ = {isa = PBXFileReference; lastKnownFileType = folder.assetcatalog; path = Images.xcassets; sourceTree = "<group>"; };
		301A850218A4BFC400A25E68 /* MindWaveTabbedTests.xctest */ = {isa = PBXFileReference; explicitFileType = wrapper.cfbundle; includeInIndex = 0; path = MindWaveTabbedTests.xctest; sourceTree = BUILT_PRODUCTS_DIR; };
		301A850318A4BFC400A25E68 /* XCTest.framework */ = {isa = PBXFileReference; lastKnownFileType = wrapper.framework; name = XCTest.framework; path = Library/Frameworks/XCTest.framework; sourceTree = DEVELOPER_DIR; };
		301A850B18A4BFC400A25E68 /* MindWaveTabbedTests-Info.plist */ = {isa = PBXFileReference; lastKnownFileType = text.plist.xml; path = "MindWaveTabbedTests-Info.plist"; sourceTree = "<group>"; };
		301A850D18A4BFC400A25E68 /* en */ = {isa = PBXFileReference; lastKnownFileType = text.plist.strings; name = en; path = en.lproj/InfoPlist.strings; sourceTree = "<group>"; };
		301A850F18A4BFC400A25E68 /* MindWaveTabbedTests.m */ = {isa = PBXFileReference; lastKnownFileType = sourcecode.c.objc; path = MindWaveTabbedTests.m; sourceTree = "<group>"; };
		301A851C18A4C36400A25E68 /* BrainDataHistoryDocument.h */ = {isa = PBXFileReference; fileEncoding = 4; lastKnownFileType = sourcecode.c.h; path = BrainDataHistoryDocument.h; sourceTree = "<group>"; };
		301A851D18A4C36400A25E68 /* BrainDataHistoryDocument.m */ = {isa = PBXFileReference; fileEncoding = 4; lastKnownFileType = sourcecode.c.objc; path = BrainDataHistoryDocument.m; sourceTree = "<group>"; };
		301A851F18A4C3C400A25E68 /* BrainDataEntry.h */ = {isa = PBXFileReference; fileEncoding = 4; lastKnownFileType = sourcecode.c.h; path = BrainDataEntry.h; sourceTree = "<group>"; };
		301A852018A4C3C400A25E68 /* BrainDataEntry.m */ = {isa = PBXFileReference; fileEncoding = 4; lastKnownFileType = sourcecode.c.objc; path = BrainDataEntry.m; sourceTree = "<group>"; };
		301A852218A4C40300A25E68 /* BrainDataUnits.h */ = {isa = PBXFileReference; fileEncoding = 4; lastKnownFileType = sourcecode.c.h; path = BrainDataUnits.h; sourceTree = "<group>"; };
		301A852318A4C40300A25E68 /* BrainDataUnits.m */ = {isa = PBXFileReference; fileEncoding = 4; lastKnownFileType = sourcecode.c.objc; path = BrainDataUnits.m; sourceTree = "<group>"; };
		308FDCE318AA08160028D072 /* libTGAccessory.a */ = {isa = PBXFileReference; lastKnownFileType = archive.ar; path = libTGAccessory.a; sourceTree = "<group>"; };
		308FDCE418AA08160028D072 /* TGAccessoryDelegate.h */ = {isa = PBXFileReference; fileEncoding = 4; lastKnownFileType = sourcecode.c.h; path = TGAccessoryDelegate.h; sourceTree = "<group>"; };
		308FDCE518AA08160028D072 /* TGAccessoryManager.h */ = {isa = PBXFileReference; fileEncoding = 4; lastKnownFileType = sourcecode.c.h; path = TGAccessoryManager.h; sourceTree = "<group>"; };
		308FDCE718AA08300028D072 /* ExternalAccessory.framework */ = {isa = PBXFileReference; lastKnownFileType = wrapper.framework; name = ExternalAccessory.framework; path = System/Library/Frameworks/ExternalAccessory.framework; sourceTree = SDKROOT; };
		30B39B6E18A84D85003AB2A9 /* HistoryCell.h */ = {isa = PBXFileReference; fileEncoding = 4; lastKnownFileType = sourcecode.c.h; path = HistoryCell.h; sourceTree = "<group>"; };
		30B39B6F18A84D85003AB2A9 /* HistoryCell.m */ = {isa = PBXFileReference; fileEncoding = 4; lastKnownFileType = sourcecode.c.objc; path = HistoryCell.m; sourceTree = "<group>"; };
		30B39B7118A8BF99003AB2A9 /* BackgroundView.h */ = {isa = PBXFileReference; fileEncoding = 4; lastKnownFileType = sourcecode.c.h; path = BackgroundView.h; sourceTree = "<group>"; };
		30B39B7218A8BF99003AB2A9 /* BackgroundView.m */ = {isa = PBXFileReference; fileEncoding = 4; lastKnownFileType = sourcecode.c.objc; path = BackgroundView.m; sourceTree = "<group>"; };
		30B39B7418A8C138003AB2A9 /* GraphView.h */ = {isa = PBXFileReference; fileEncoding = 4; lastKnownFileType = sourcecode.c.h; path = GraphView.h; sourceTree = "<group>"; };
		30B39B7518A8C138003AB2A9 /* GraphView.m */ = {isa = PBXFileReference; fileEncoding = 4; lastKnownFileType = sourcecode.c.objc; path = GraphView.m; sourceTree = "<group>"; };
		30D6D55118A5A23600ACD7F0 /* RootTabBarController.h */ = {isa = PBXFileReference; fileEncoding = 4; lastKnownFileType = sourcecode.c.h; path = RootTabBarController.h; sourceTree = "<group>"; };
		30D6D55218A5A23600ACD7F0 /* RootTabBarController.m */ = {isa = PBXFileReference; fileEncoding = 4; lastKnownFileType = sourcecode.c.objc; path = RootTabBarController.m; sourceTree = "<group>"; };
		30D6D55418A5A25A00ACD7F0 /* HistoryNavigationController.h */ = {isa = PBXFileReference; fileEncoding = 4; lastKnownFileType = sourcecode.c.h; path = HistoryNavigationController.h; sourceTree = "<group>"; };
		30D6D55518A5A25A00ACD7F0 /* HistoryNavigationController.m */ = {isa = PBXFileReference; fileEncoding = 4; lastKnownFileType = sourcecode.c.objc; path = HistoryNavigationController.m; sourceTree = "<group>"; };
		30D6D55718A5A27B00ACD7F0 /* EntryDetailViewController.h */ = {isa = PBXFileReference; fileEncoding = 4; lastKnownFileType = sourcecode.c.h; path = EntryDetailViewController.h; sourceTree = "<group>"; };
		30D6D55818A5A27B00ACD7F0 /* EntryDetailViewController.m */ = {isa = PBXFileReference; fileEncoding = 4; lastKnownFileType = sourcecode.c.objc; path = EntryDetailViewController.m; sourceTree = "<group>"; };
		30D6D55A18A5A29900ACD7F0 /* AddEntryViewController.h */ = {isa = PBXFileReference; fileEncoding = 4; lastKnownFileType = sourcecode.c.h; path = AddEntryViewController.h; sourceTree = "<group>"; };
		30D6D55B18A5A29900ACD7F0 /* AddEntryViewController.m */ = {isa = PBXFileReference; fileEncoding = 4; lastKnownFileType = sourcecode.c.objc; path = AddEntryViewController.m; sourceTree = "<group>"; };
		30D6D55D18A5A2B800ACD7F0 /* GraphViewController.h */ = {isa = PBXFileReference; fileEncoding = 4; lastKnownFileType = sourcecode.c.h; path = GraphViewController.h; sourceTree = "<group>"; };
		30D6D55E18A5A2B800ACD7F0 /* GraphViewController.m */ = {isa = PBXFileReference; fileEncoding = 4; lastKnownFileType = sourcecode.c.objc; path = GraphViewController.m; sourceTree = "<group>"; };
		30D6D56018A5A3B900ACD7F0 /* HistoryTableViewController.h */ = {isa = PBXFileReference; fileEncoding = 4; lastKnownFileType = sourcecode.c.h; path = HistoryTableViewController.h; sourceTree = "<group>"; };
		30D6D56118A5A3B900ACD7F0 /* HistoryTableViewController.m */ = {isa = PBXFileReference; fileEncoding = 4; lastKnownFileType = sourcecode.c.objc; path = HistoryTableViewController.m; sourceTree = "<group>"; };
/* End PBXFileReference section */

/* Begin PBXFrameworksBuildPhase section */
		301A84DB18A4BFC400A25E68 /* Frameworks */ = {
			isa = PBXFrameworksBuildPhase;
			buildActionMask = 2147483647;
			files = (
				308FDCE818AA08300028D072 /* ExternalAccessory.framework in Frameworks */,
				3000481918A8DB4100B3AEF8 /* Accelerate.framework in Frameworks */,
				3000481718A8DA9500B3AEF8 /* QuartzCore.framework in Frameworks */,
				301A84E418A4BFC400A25E68 /* CoreGraphics.framework in Frameworks */,
				301A84E618A4BFC400A25E68 /* UIKit.framework in Frameworks */,
				301A84E218A4BFC400A25E68 /* Foundation.framework in Frameworks */,
				3000481518A8CD3100B3AEF8 /* libCorePlot-CocoaTouch.a in Frameworks */,
				308FDCE618AA08160028D072 /* libTGAccessory.a in Frameworks */,
			);
			runOnlyForDeploymentPostprocessing = 0;
		};
		301A84FF18A4BFC400A25E68 /* Frameworks */ = {
			isa = PBXFrameworksBuildPhase;
			buildActionMask = 2147483647;
			files = (
				301A850418A4BFC400A25E68 /* XCTest.framework in Frameworks */,
				301A850618A4BFC400A25E68 /* UIKit.framework in Frameworks */,
				301A850518A4BFC400A25E68 /* Foundation.framework in Frameworks */,
			);
			runOnlyForDeploymentPostprocessing = 0;
		};
/* End PBXFrameworksBuildPhase section */

/* Begin PBXGroup section */
		300047C418A8CD0800B3AEF8 /* Libraries */ = {
			isa = PBXGroup;
			children = (
				308FDCE318AA08160028D072 /* libTGAccessory.a */,
				308FDCE418AA08160028D072 /* TGAccessoryDelegate.h */,
				308FDCE518AA08160028D072 /* TGAccessoryManager.h */,
				300047C518A8CD3100B3AEF8 /* CorePlotHeaders */,
				3000481418A8CD3100B3AEF8 /* libCorePlot-CocoaTouch.a */,
			);
			name = Libraries;
			sourceTree = "<group>";
		};
		300047C518A8CD3100B3AEF8 /* CorePlotHeaders */ = {
			isa = PBXGroup;
			children = (
				300047C618A8CD3100B3AEF8 /* CorePlot-CocoaTouch.h */,
				300047C718A8CD3100B3AEF8 /* CPTAnimation.h */,
				300047C818A8CD3100B3AEF8 /* CPTAnimationOperation.h */,
				300047C918A8CD3100B3AEF8 /* CPTAnimationPeriod.h */,
				300047CA18A8CD3100B3AEF8 /* CPTAnnotation.h */,
				300047CB18A8CD3100B3AEF8 /* CPTAnnotationHostLayer.h */,
				300047CC18A8CD3100B3AEF8 /* CPTAxis.h */,
				300047CD18A8CD3100B3AEF8 /* CPTAxisLabel.h */,
				300047CE18A8CD3100B3AEF8 /* CPTAxisLabelGroup.h */,
				300047CF18A8CD3100B3AEF8 /* CPTAxisSet.h */,
				300047D018A8CD3100B3AEF8 /* CPTAxisTitle.h */,
				300047D118A8CD3100B3AEF8 /* CPTBarPlot.h */,
				300047D218A8CD3100B3AEF8 /* CPTBorderedLayer.h */,
				300047D318A8CD3100B3AEF8 /* CPTCalendarFormatter.h */,
				300047D418A8CD3100B3AEF8 /* CPTColor.h */,
				300047D518A8CD3100B3AEF8 /* CPTColorSpace.h */,
				300047D618A8CD3100B3AEF8 /* CPTConstraints.h */,
				300047D718A8CD3100B3AEF8 /* CPTDataSourceTestCase.h */,
				300047D818A8CD3100B3AEF8 /* CPTDefinitions.h */,
				300047D918A8CD3100B3AEF8 /* CPTDerivedXYGraph.h */,
				300047DA18A8CD3100B3AEF8 /* CPTExceptions.h */,
				300047DB18A8CD3100B3AEF8 /* CPTFill.h */,
				300047DC18A8CD3100B3AEF8 /* CPTFunctionDataSource.h */,
				300047DD18A8CD3100B3AEF8 /* CPTGradient.h */,
				300047DE18A8CD3100B3AEF8 /* CPTGraph.h */,
				300047DF18A8CD3100B3AEF8 /* CPTGraphHostingView.h */,
				300047E018A8CD3100B3AEF8 /* CPTGridLineGroup.h */,
				300047E118A8CD3100B3AEF8 /* CPTGridLines.h */,
				300047E218A8CD3100B3AEF8 /* CPTImage.h */,
				300047E318A8CD3100B3AEF8 /* CPTLayer.h */,
				300047E418A8CD3100B3AEF8 /* CPTLayerAnnotation.h */,
				300047E518A8CD3100B3AEF8 /* CPTLegend.h */,
				300047E618A8CD3100B3AEF8 /* CPTLegendEntry.h */,
				300047E718A8CD3100B3AEF8 /* CPTLimitBand.h */,
				300047E818A8CD3100B3AEF8 /* CPTLineCap.h */,
				300047E918A8CD3100B3AEF8 /* CPTLineStyle.h */,
				300047EA18A8CD3100B3AEF8 /* CPTMutableLineStyle.h */,
				300047EB18A8CD3100B3AEF8 /* CPTMutableNumericData+TypeConversion.h */,
				300047EC18A8CD3100B3AEF8 /* CPTMutableNumericData.h */,
				300047ED18A8CD3100B3AEF8 /* CPTMutablePlotRange.h */,
				300047EE18A8CD3100B3AEF8 /* CPTMutableShadow.h */,
				300047EF18A8CD3100B3AEF8 /* CPTMutableTextStyle.h */,
				300047F018A8CD3100B3AEF8 /* CPTNumericData+TypeConversion.h */,
				300047F118A8CD3100B3AEF8 /* CPTNumericData.h */,
				300047F218A8CD3100B3AEF8 /* CPTNumericDataType.h */,
				300047F318A8CD3100B3AEF8 /* CPTPathExtensions.h */,
				300047F418A8CD3100B3AEF8 /* CPTPieChart.h */,
				300047F518A8CD3100B3AEF8 /* CPTPlatformSpecificCategories.h */,
				300047F618A8CD3100B3AEF8 /* CPTPlatformSpecificDefines.h */,
				300047F718A8CD3100B3AEF8 /* CPTPlatformSpecificFunctions.h */,
				300047F818A8CD3100B3AEF8 /* CPTPlot.h */,
				300047F918A8CD3100B3AEF8 /* CPTPlotArea.h */,
				300047FA18A8CD3100B3AEF8 /* CPTPlotAreaFrame.h */,
				300047FB18A8CD3100B3AEF8 /* CPTPlotGroup.h */,
				300047FC18A8CD3100B3AEF8 /* CPTPlotRange.h */,
				300047FD18A8CD3100B3AEF8 /* CPTPlotSpace.h */,
				300047FE18A8CD3100B3AEF8 /* CPTPlotSpaceAnnotation.h */,
				300047FF18A8CD3100B3AEF8 /* CPTPlotSymbol.h */,
				3000480018A8CD3100B3AEF8 /* CPTRangePlot.h */,
				3000480118A8CD3100B3AEF8 /* CPTResponder.h */,
				3000480218A8CD3100B3AEF8 /* CPTScatterPlot.h */,
				3000480318A8CD3100B3AEF8 /* CPTShadow.h */,
				3000480418A8CD3100B3AEF8 /* CPTTestCase.h */,
				3000480518A8CD3100B3AEF8 /* CPTTextLayer.h */,
				3000480618A8CD3100B3AEF8 /* CPTTextStyle.h */,
				3000480718A8CD3100B3AEF8 /* CPTTextStylePlatformSpecific.h */,
				3000480818A8CD3100B3AEF8 /* CPTTheme.h */,
				3000480918A8CD3100B3AEF8 /* CPTTimeFormatter.h */,
				3000480A18A8CD3100B3AEF8 /* CPTTradingRangePlot.h */,
				3000480B18A8CD3100B3AEF8 /* CPTUtilities.h */,
				3000480C18A8CD3100B3AEF8 /* CPTXYAxis.h */,
				3000480D18A8CD3100B3AEF8 /* CPTXYAxisSet.h */,
				3000480E18A8CD3100B3AEF8 /* CPTXYGraph.h */,
				3000480F18A8CD3100B3AEF8 /* CPTXYPlotSpace.h */,
				3000481018A8CD3100B3AEF8 /* mainpage.h */,
				3000481118A8CD3100B3AEF8 /* NSCoderExtensions.h */,
				3000481218A8CD3100B3AEF8 /* NSDecimalNumberExtensions.h */,
				3000481318A8CD3100B3AEF8 /* NSNumberExtensions.h */,
			);
			path = CorePlotHeaders;
			sourceTree = "<group>";
		};
		301A84D518A4BFC400A25E68 = {
			isa = PBXGroup;
			children = (
				301A84E718A4BFC400A25E68 /* MindWaveTabbed */,
				301A850918A4BFC400A25E68 /* MindWaveTabbedTests */,
				301A84E018A4BFC400A25E68 /* Frameworks */,
				301A84DF18A4BFC400A25E68 /* Products */,
			);
			sourceTree = "<group>";
		};
		301A84DF18A4BFC400A25E68 /* Products */ = {
			isa = PBXGroup;
			children = (
				301A84DE18A4BFC400A25E68 /* MindWaveTabbed.app */,
				301A850218A4BFC400A25E68 /* MindWaveTabbedTests.xctest */,
			);
			name = Products;
			sourceTree = "<group>";
		};
		301A84E018A4BFC400A25E68 /* Frameworks */ = {
			isa = PBXGroup;
			children = (
				308FDCE718AA08300028D072 /* ExternalAccessory.framework */,
				3000481818A8DB4100B3AEF8 /* Accelerate.framework */,
				3000481618A8DA9500B3AEF8 /* QuartzCore.framework */,
				301A84E118A4BFC400A25E68 /* Foundation.framework */,
				301A84E318A4BFC400A25E68 /* CoreGraphics.framework */,
				301A84E518A4BFC400A25E68 /* UIKit.framework */,
				301A850318A4BFC400A25E68 /* XCTest.framework */,
			);
			name = Frameworks;
			sourceTree = "<group>";
		};
		301A84E718A4BFC400A25E68 /* MindWaveTabbed */ = {
			isa = PBXGroup;
			children = (
				300047C418A8CD0800B3AEF8 /* Libraries */,
				301A851918A4C0B300A25E68 /* Model */,
				301A851A18A4C0BD00A25E68 /* View */,
				301A851B18A4C0C200A25E68 /* Controllers */,
				301A84F118A4BFC400A25E68 /* AppDelegate.m */,
				301A84F018A4BFC400A25E68 /* AppDelegate.h */,
				301A84F318A4BFC400A25E68 /* Main.storyboard */,
				301A84FC18A4BFC400A25E68 /* Images.xcassets */,
				301A84E818A4BFC400A25E68 /* Supporting Files */,
			);
			path = MindWaveTabbed;
			sourceTree = "<group>";
		};
		301A84E818A4BFC400A25E68 /* Supporting Files */ = {
			isa = PBXGroup;
			children = (
				301A84E918A4BFC400A25E68 /* MindWaveTabbed-Info.plist */,
				301A84EA18A4BFC400A25E68 /* InfoPlist.strings */,
				301A84ED18A4BFC400A25E68 /* main.m */,
				301A84EF18A4BFC400A25E68 /* MindWaveTabbed-Prefix.pch */,
			);
			name = "Supporting Files";
			sourceTree = "<group>";
		};
		301A850918A4BFC400A25E68 /* MindWaveTabbedTests */ = {
			isa = PBXGroup;
			children = (
				301A850F18A4BFC400A25E68 /* MindWaveTabbedTests.m */,
				301A850A18A4BFC400A25E68 /* Supporting Files */,
			);
			path = MindWaveTabbedTests;
			sourceTree = "<group>";
		};
		301A850A18A4BFC400A25E68 /* Supporting Files */ = {
			isa = PBXGroup;
			children = (
				301A850B18A4BFC400A25E68 /* MindWaveTabbedTests-Info.plist */,
				301A850C18A4BFC400A25E68 /* InfoPlist.strings */,
			);
			name = "Supporting Files";
			sourceTree = "<group>";
		};
		301A851918A4C0B300A25E68 /* Model */ = {
			isa = PBXGroup;
			children = (
				301A851C18A4C36400A25E68 /* BrainDataHistoryDocument.h */,
				301A851D18A4C36400A25E68 /* BrainDataHistoryDocument.m */,
				301A851F18A4C3C400A25E68 /* BrainDataEntry.h */,
				301A852018A4C3C400A25E68 /* BrainDataEntry.m */,
				301A852218A4C40300A25E68 /* BrainDataUnits.h */,
				301A852318A4C40300A25E68 /* BrainDataUnits.m */,
			);
			name = Model;
			sourceTree = "<group>";
		};
		301A851A18A4C0BD00A25E68 /* View */ = {
			isa = PBXGroup;
			children = (
				30B39B6E18A84D85003AB2A9 /* HistoryCell.h */,
				30B39B6F18A84D85003AB2A9 /* HistoryCell.m */,
				30B39B7118A8BF99003AB2A9 /* BackgroundView.h */,
				30B39B7218A8BF99003AB2A9 /* BackgroundView.m */,
				30B39B7418A8C138003AB2A9 /* GraphView.h */,
				30B39B7518A8C138003AB2A9 /* GraphView.m */,
			);
			name = View;
			sourceTree = "<group>";
		};
		301A851B18A4C0C200A25E68 /* Controllers */ = {
			isa = PBXGroup;
			children = (
				30D6D55118A5A23600ACD7F0 /* RootTabBarController.h */,
				30D6D55218A5A23600ACD7F0 /* RootTabBarController.m */,
				30D6D55418A5A25A00ACD7F0 /* HistoryNavigationController.h */,
				30D6D55518A5A25A00ACD7F0 /* HistoryNavigationController.m */,
				30D6D56018A5A3B900ACD7F0 /* HistoryTableViewController.h */,
				30D6D56118A5A3B900ACD7F0 /* HistoryTableViewController.m */,
				30D6D55718A5A27B00ACD7F0 /* EntryDetailViewController.h */,
				30D6D55818A5A27B00ACD7F0 /* EntryDetailViewController.m */,
				30D6D55A18A5A29900ACD7F0 /* AddEntryViewController.h */,
				30D6D55B18A5A29900ACD7F0 /* AddEntryViewController.m */,
				30D6D55D18A5A2B800ACD7F0 /* GraphViewController.h */,
				30D6D55E18A5A2B800ACD7F0 /* GraphViewController.m */,
			);
			name = Controllers;
			sourceTree = "<group>";
		};
/* End PBXGroup section */

/* Begin PBXNativeTarget section */
		301A84DD18A4BFC400A25E68 /* MindWaveTabbed */ = {
			isa = PBXNativeTarget;
			buildConfigurationList = 301A851318A4BFC400A25E68 /* Build configuration list for PBXNativeTarget "MindWaveTabbed" */;
			buildPhases = (
				301A84DA18A4BFC400A25E68 /* Sources */,
				301A84DB18A4BFC400A25E68 /* Frameworks */,
				301A84DC18A4BFC400A25E68 /* Resources */,
			);
			buildRules = (
			);
			dependencies = (
			);
			name = MindWaveTabbed;
			productName = MindWaveTabbed;
			productReference = 301A84DE18A4BFC400A25E68 /* MindWaveTabbed.app */;
			productType = "com.apple.product-type.application";
		};
		301A850118A4BFC400A25E68 /* MindWaveTabbedTests */ = {
			isa = PBXNativeTarget;
			buildConfigurationList = 301A851618A4BFC400A25E68 /* Build configuration list for PBXNativeTarget "MindWaveTabbedTests" */;
			buildPhases = (
				301A84FE18A4BFC400A25E68 /* Sources */,
				301A84FF18A4BFC400A25E68 /* Frameworks */,
				301A850018A4BFC400A25E68 /* Resources */,
			);
			buildRules = (
			);
			dependencies = (
				301A850818A4BFC400A25E68 /* PBXTargetDependency */,
			);
			name = MindWaveTabbedTests;
			productName = MindWaveTabbedTests;
			productReference = 301A850218A4BFC400A25E68 /* MindWaveTabbedTests.xctest */;
			productType = "com.apple.product-type.bundle.unit-test";
		};
/* End PBXNativeTarget section */

/* Begin PBXProject section */
		301A84D618A4BFC400A25E68 /* Project object */ = {
			isa = PBXProject;
			attributes = {
				LastUpgradeCheck = 0500;
				ORGANIZATIONNAME = Media;
				TargetAttributes = {
					301A850118A4BFC400A25E68 = {
						TestTargetID = 301A84DD18A4BFC400A25E68;
					};
				};
			};
			buildConfigurationList = 301A84D918A4BFC400A25E68 /* Build configuration list for PBXProject "MindWaveTabbed" */;
			compatibilityVersion = "Xcode 3.2";
			developmentRegion = English;
			hasScannedForEncodings = 0;
			knownRegions = (
				en,
				Base,
			);
			mainGroup = 301A84D518A4BFC400A25E68;
			productRefGroup = 301A84DF18A4BFC400A25E68 /* Products */;
			projectDirPath = "";
			projectRoot = "";
			targets = (
				301A84DD18A4BFC400A25E68 /* MindWaveTabbed */,
				301A850118A4BFC400A25E68 /* MindWaveTabbedTests */,
			);
		};
/* End PBXProject section */

/* Begin PBXResourcesBuildPhase section */
		301A84DC18A4BFC400A25E68 /* Resources */ = {
			isa = PBXResourcesBuildPhase;
			buildActionMask = 2147483647;
			files = (
				301A84FD18A4BFC400A25E68 /* Images.xcassets in Resources */,
				301A84EC18A4BFC400A25E68 /* InfoPlist.strings in Resources */,
				301A84F518A4BFC400A25E68 /* Main.storyboard in Resources */,
			);
			runOnlyForDeploymentPostprocessing = 0;
		};
		301A850018A4BFC400A25E68 /* Resources */ = {
			isa = PBXResourcesBuildPhase;
			buildActionMask = 2147483647;
			files = (
				301A850E18A4BFC400A25E68 /* InfoPlist.strings in Resources */,
			);
			runOnlyForDeploymentPostprocessing = 0;
		};
/* End PBXResourcesBuildPhase section */

/* Begin PBXSourcesBuildPhase section */
		301A84DA18A4BFC400A25E68 /* Sources */ = {
			isa = PBXSourcesBuildPhase;
			buildActionMask = 2147483647;
			files = (
				301A852418A4C40300A25E68 /* BrainDataUnits.m in Sources */,
				30D6D56218A5A3B900ACD7F0 /* HistoryTableViewController.m in Sources */,
				301A84F218A4BFC400A25E68 /* AppDelegate.m in Sources */,
				30D6D55918A5A27B00ACD7F0 /* EntryDetailViewController.m in Sources */,
				30D6D55F18A5A2B800ACD7F0 /* GraphViewController.m in Sources */,
				30D6D55618A5A25A00ACD7F0 /* HistoryNavigationController.m in Sources */,
				30B39B7018A84D85003AB2A9 /* HistoryCell.m in Sources */,
				30D6D55C18A5A29900ACD7F0 /* AddEntryViewController.m in Sources */,
				301A84EE18A4BFC400A25E68 /* main.m in Sources */,
				30B39B7318A8BF99003AB2A9 /* BackgroundView.m in Sources */,
				30D6D55318A5A23600ACD7F0 /* RootTabBarController.m in Sources */,
				30B39B7618A8C138003AB2A9 /* GraphView.m in Sources */,
				301A851E18A4C36400A25E68 /* BrainDataHistoryDocument.m in Sources */,
				301A852118A4C3C400A25E68 /* BrainDataEntry.m in Sources */,
			);
			runOnlyForDeploymentPostprocessing = 0;
		};
		301A84FE18A4BFC400A25E68 /* Sources */ = {
			isa = PBXSourcesBuildPhase;
			buildActionMask = 2147483647;
			files = (
				301A851018A4BFC400A25E68 /* MindWaveTabbedTests.m in Sources */,
			);
			runOnlyForDeploymentPostprocessing = 0;
		};
/* End PBXSourcesBuildPhase section */

/* Begin PBXTargetDependency section */
		301A850818A4BFC400A25E68 /* PBXTargetDependency */ = {
			isa = PBXTargetDependency;
			target = 301A84DD18A4BFC400A25E68 /* MindWaveTabbed */;
			targetProxy = 301A850718A4BFC400A25E68 /* PBXContainerItemProxy */;
		};
/* End PBXTargetDependency section */

/* Begin PBXVariantGroup section */
		301A84EA18A4BFC400A25E68 /* InfoPlist.strings */ = {
			isa = PBXVariantGroup;
			children = (
				301A84EB18A4BFC400A25E68 /* en */,
			);
			name = InfoPlist.strings;
			sourceTree = "<group>";
		};
		301A84F318A4BFC400A25E68 /* Main.storyboard */ = {
			isa = PBXVariantGroup;
			children = (
				301A84F418A4BFC400A25E68 /* Base */,
			);
			name = Main.storyboard;
			sourceTree = "<group>";
		};
		301A850C18A4BFC400A25E68 /* InfoPlist.strings */ = {
			isa = PBXVariantGroup;
			children = (
				301A850D18A4BFC400A25E68 /* en */,
			);
			name = InfoPlist.strings;
			sourceTree = "<group>";
		};
/* End PBXVariantGroup section */

/* Begin XCBuildConfiguration section */
		301A851118A4BFC400A25E68 /* Debug */ = {
			isa = XCBuildConfiguration;
			buildSettings = {
				ALWAYS_SEARCH_USER_PATHS = NO;
				ARCHS = "$(ARCHS_STANDARD_INCLUDING_64_BIT)";
				CLANG_CXX_LANGUAGE_STANDARD = "gnu++0x";
				CLANG_CXX_LIBRARY = "libc++";
				CLANG_ENABLE_MODULES = YES;
				CLANG_ENABLE_OBJC_ARC = YES;
				CLANG_WARN_BOOL_CONVERSION = YES;
				CLANG_WARN_CONSTANT_CONVERSION = YES;
				CLANG_WARN_DIRECT_OBJC_ISA_USAGE = YES_ERROR;
				CLANG_WARN_EMPTY_BODY = YES;
				CLANG_WARN_ENUM_CONVERSION = YES;
				CLANG_WARN_INT_CONVERSION = YES;
				CLANG_WARN_OBJC_ROOT_CLASS = YES_ERROR;
				CLANG_WARN__DUPLICATE_METHOD_MATCH = YES;
				"CODE_SIGN_IDENTITY[sdk=iphoneos*]" = "iPhone Developer";
				COPY_PHASE_STRIP = NO;
				GCC_C_LANGUAGE_STANDARD = gnu99;
				GCC_DYNAMIC_NO_PIC = NO;
				GCC_OPTIMIZATION_LEVEL = 0;
				GCC_PREPROCESSOR_DEFINITIONS = (
					"DEBUG=1",
					"$(inherited)",
				);
				GCC_SYMBOLS_PRIVATE_EXTERN = NO;
				GCC_WARN_64_TO_32_BIT_CONVERSION = YES;
				GCC_WARN_ABOUT_RETURN_TYPE = YES_ERROR;
				GCC_WARN_UNDECLARED_SELECTOR = YES;
				GCC_WARN_UNINITIALIZED_AUTOS = YES;
				GCC_WARN_UNUSED_FUNCTION = YES;
				GCC_WARN_UNUSED_VARIABLE = YES;
				IPHONEOS_DEPLOYMENT_TARGET = 7.0;
				ONLY_ACTIVE_ARCH = YES;
				SDKROOT = iphoneos;
			};
			name = Debug;
		};
		301A851218A4BFC400A25E68 /* Release */ = {
			isa = XCBuildConfiguration;
			buildSettings = {
				ALWAYS_SEARCH_USER_PATHS = NO;
				ARCHS = "$(ARCHS_STANDARD_INCLUDING_64_BIT)";
				CLANG_CXX_LANGUAGE_STANDARD = "gnu++0x";
				CLANG_CXX_LIBRARY = "libc++";
				CLANG_ENABLE_MODULES = YES;
				CLANG_ENABLE_OBJC_ARC = YES;
				CLANG_WARN_BOOL_CONVERSION = YES;
				CLANG_WARN_CONSTANT_CONVERSION = YES;
				CLANG_WARN_DIRECT_OBJC_ISA_USAGE = YES_ERROR;
				CLANG_WARN_EMPTY_BODY = YES;
				CLANG_WARN_ENUM_CONVERSION = YES;
				CLANG_WARN_INT_CONVERSION = YES;
				CLANG_WARN_OBJC_ROOT_CLASS = YES_ERROR;
				CLANG_WARN__DUPLICATE_METHOD_MATCH = YES;
				"CODE_SIGN_IDENTITY[sdk=iphoneos*]" = "iPhone Developer";
				COPY_PHASE_STRIP = YES;
				ENABLE_NS_ASSERTIONS = NO;
				GCC_C_LANGUAGE_STANDARD = gnu99;
				GCC_WARN_64_TO_32_BIT_CONVERSION = YES;
				GCC_WARN_ABOUT_RETURN_TYPE = YES_ERROR;
				GCC_WARN_UNDECLARED_SELECTOR = YES;
				GCC_WARN_UNINITIALIZED_AUTOS = YES;
				GCC_WARN_UNUSED_FUNCTION = YES;
				GCC_WARN_UNUSED_VARIABLE = YES;
				IPHONEOS_DEPLOYMENT_TARGET = 7.0;
				SDKROOT = iphoneos;
				VALIDATE_PRODUCT = YES;
			};
			name = Release;
		};
		301A851418A4BFC400A25E68 /* Debug */ = {
			isa = XCBuildConfiguration;
			buildSettings = {
				ASSETCATALOG_COMPILER_APPICON_NAME = AppIcon;
				ASSETCATALOG_COMPILER_LAUNCHIMAGE_NAME = LaunchImage;
				GCC_PRECOMPILE_PREFIX_HEADER = YES;
				GCC_PREFIX_HEADER = "MindWaveTabbed/MindWaveTabbed-Prefix.pch";
				INFOPLIST_FILE = "MindWaveTabbed/MindWaveTabbed-Info.plist";
				LIBRARY_SEARCH_PATHS = (
					"$(inherited)",
					/Users/tester/Documents/Programming/MindWaveTabbed/MindWaveTabbed,
				);
				OTHER_LDFLAGS = "-ObjC";
				PRODUCT_NAME = "$(TARGET_NAME)";
				WRAPPER_EXTENSION = app;
			};
			name = Debug;
		};
		301A851518A4BFC400A25E68 /* Release */ = {
			isa = XCBuildConfiguration;
			buildSettings = {
				ASSETCATALOG_COMPILER_APPICON_NAME = AppIcon;
				ASSETCATALOG_COMPILER_LAUNCHIMAGE_NAME = LaunchImage;
				GCC_PRECOMPILE_PREFIX_HEADER = YES;
				GCC_PREFIX_HEADER = "MindWaveTabbed/MindWaveTabbed-Prefix.pch";
				INFOPLIST_FILE = "MindWaveTabbed/MindWaveTabbed-Info.plist";
				LIBRARY_SEARCH_PATHS = (
					"$(inherited)",
					/Users/tester/Documents/Programming/MindWaveTabbed/MindWaveTabbed,
				);
				OTHER_LDFLAGS = "-ObjC";
				PRODUCT_NAME = "$(TARGET_NAME)";
				WRAPPER_EXTENSION = app;
			};
			name = Release;
		};
		301A851718A4BFC400A25E68 /* Debug */ = {
			isa = XCBuildConfiguration;
			buildSettings = {
				ARCHS = "$(ARCHS_STANDARD_INCLUDING_64_BIT)";
				BUNDLE_LOADER = "$(BUILT_PRODUCTS_DIR)/MindWaveTabbed.app/MindWaveTabbed";
				FRAMEWORK_SEARCH_PATHS = (
					"$(SDKROOT)/Developer/Library/Frameworks",
					"$(inherited)",
					"$(DEVELOPER_FRAMEWORKS_DIR)",
				);
				GCC_PRECOMPILE_PREFIX_HEADER = YES;
				GCC_PREFIX_HEADER = "MindWaveTabbed/MindWaveTabbed-Prefix.pch";
				GCC_PREPROCESSOR_DEFINITIONS = (
					"DEBUG=1",
					"$(inherited)",
				);
				INFOPLIST_FILE = "MindWaveTabbedTests/MindWaveTabbedTests-Info.plist";
				PRODUCT_NAME = "$(TARGET_NAME)";
				TEST_HOST = "$(BUNDLE_LOADER)";
				WRAPPER_EXTENSION = xctest;
			};
			name = Debug;
		};
		301A851818A4BFC400A25E68 /* Release */ = {
			isa = XCBuildConfiguration;
			buildSettings = {
				ARCHS = "$(ARCHS_STANDARD_INCLUDING_64_BIT)";
				BUNDLE_LOADER = "$(BUILT_PRODUCTS_DIR)/MindWaveTabbed.app/MindWaveTabbed";
				FRAMEWORK_SEARCH_PATHS = (
					"$(SDKROOT)/Developer/Library/Frameworks",
					"$(inherited)",
					"$(DEVELOPER_FRAMEWORKS_DIR)",
				);
				GCC_PRECOMPILE_PREFIX_HEADER = YES;
				GCC_PREFIX_HEADER = "MindWaveTabbed/MindWaveTabbed-Prefix.pch";
				INFOPLIST_FILE = "MindWaveTabbedTests/MindWaveTabbedTests-Info.plist";
				PRODUCT_NAME = "$(TARGET_NAME)";
				TEST_HOST = "$(BUNDLE_LOADER)";
				WRAPPER_EXTENSION = xctest;
			};
			name = Release;
		};
/* End XCBuildConfiguration section */

/* Begin XCConfigurationList section */
		301A84D918A4BFC400A25E68 /* Build configuration list for PBXProject "MindWaveTabbed" */ = {
			isa = XCConfigurationList;
			buildConfigurations = (
				301A851118A4BFC400A25E68 /* Debug */,
				301A851218A4BFC400A25E68 /* Release */,
			);
			defaultConfigurationIsVisible = 0;
			defaultConfigurationName = Release;
		};
		301A851318A4BFC400A25E68 /* Build configuration list for PBXNativeTarget "MindWaveTabbed" */ = {
			isa = XCConfigurationList;
			buildConfigurations = (
				301A851418A4BFC400A25E68 /* Debug */,
				301A851518A4BFC400A25E68 /* Release */,
			);
			defaultConfigurationIsVisible = 0;
			defaultConfigurationName = Release;
		};
		301A851618A4BFC400A25E68 /* Build configuration list for PBXNativeTarget "MindWaveTabbedTests" */ = {
			isa = XCConfigurationList;
			buildConfigurations = (
				301A851718A4BFC400A25E68 /* Debug */,
				301A851818A4BFC400A25E68 /* Release */,
			);
			defaultConfigurationIsVisible = 0;
			defaultConfigurationName = Release;
		};
/* End XCConfigurationList section */
	};
	rootObject = 301A84D618A4BFC400A25E68 /* Project object */;
}
